PODS:
  - Braintree/ApplePay (5.23.0):
    - Braintree/Core
  - Braintree/Card (5.23.0):
    - Braintree/Core
  - Braintree/Core (5.23.0)
  - Braintree/PaymentFlow (5.23.0):
    - Braintree/Core
    - Braintree/PayPalDataCollector
  - Braintree/PayPal (5.23.0):
    - Braintree/Core
    - Braintree/PayPalDataCollector
  - Braintree/PayPalDataCollector (5.23.0)
  - Braintree/ThreeDSecure (5.23.0):
    - Braintree/Card
    - Braintree/PaymentFlow
  - Braintree/UnionPay (5.23.0):
    - Braintree/Card
  - Braintree/Venmo (5.23.0):
    - Braintree/Core
  - BraintreeDropIn (9.10.1):
    - Braintree/ApplePay (~> 5.23)
    - Braintree/Card (~> 5.23)
    - Braintree/Core (~> 5.23)
    - Braintree/PayPal (~> 5.23)
    - Braintree/ThreeDSecure (~> 5.23)
    - Braintree/UnionPay (~> 5.23)
    - Braintree/Venmo (~> 5.23)
  - Flutter (1.0.0)
  - flutter_braintree (1.0.0):
    - Braintree/ApplePay (~> 5.23.0)
    - Braintree/PayPal (~> 5.23.0)
    - BraintreeDropIn (= 9.10.1)
    - Flutter

DEPENDENCIES:
  - Flutter (from `Flutter`)
  - flutter_braintree (from `.symlinks/plugins/flutter_braintree/ios`)

SPEC REPOS:
  trunk:
    - Braintree
    - BraintreeDropIn

EXTERNAL SOURCES:
  Flutter:
    :path: Flutter
  flutter_braintree:
    :path: ".symlinks/plugins/flutter_braintree/ios"

SPEC CHECKSUMS:
  Braintree: fcbdb324318cdf0562719c4d5629cdf71f29c220
  BraintreeDropIn: c1916fb471c4316b91f35a144ea9b7d2a511aad3
  Flutter: e0871f40cf51350855a761d2e70bf5af5b9b5de7
  flutter_braintree: a1f8c5f423769fb7cd7fab577c02c49df3f6d1e5

PODFILE CHECKSUM: 04b39a9ee9d140bec113b046af8a6a9a1db50cc1

COCOAPODS: 1.15.2
